// !$*UTF8*$!
{
	archiveVersion = 1;
	classes = {
	};
	objectVersion = 48;
	objects = {

/* Begin PBXBuildFile section */
		4D24077920C4F15200031C22 /* AppDelegate.swift in Sources */ = {isa = PBXBuildFile; fileRef = 4D24077820C4F15200031C22 /* AppDelegate.swift */; };
		4D24077E20C4F15200031C22 /* Main.storyboard in Resources */ = {isa = PBXBuildFile; fileRef = 4D24077C20C4F15200031C22 /* Main.storyboard */; };
		4D24078020C4F15200031C22 /* Assets.xcassets in Resources */ = {isa = PBXBuildFile; fileRef = 4D24077F20C4F15200031C22 /* Assets.xcassets */; };
		4D24078320C4F15200031C22 /* LaunchScreen.storyboard in Resources */ = {isa = PBXBuildFile; fileRef = 4D24078120C4F15200031C22 /* LaunchScreen.storyboard */; };
		4D24078E20C4F71B00031C22 /* MasterTableViewController.swift in Sources */ = {isa = PBXBuildFile; fileRef = 4D24078D20C4F71B00031C22 /* MasterTableViewController.swift */; };
		4D24079020C4F73100031C22 /* EarthTableViewCell.swift in Sources */ = {isa = PBXBuildFile; fileRef = 4D24078F20C4F73100031C22 /* EarthTableViewCell.swift */; };
		4D24079220C4F74700031C22 /* DataServices.swift in Sources */ = {isa = PBXBuildFile; fileRef = 4D24079120C4F74700031C22 /* DataServices.swift */; };
		4D24079420C4F75100031C22 /* Earth.swift in Sources */ = {isa = PBXBuildFile; fileRef = 4D24079320C4F75100031C22 /* Earth.swift */; };
		79F11F8620C62C0000733BC3 /* Extension+TimeInterval.swift in Sources */ = {isa = PBXBuildFile; fileRef = 79F11F8520C62C0000733BC3 /* Extension+TimeInterval.swift */; };
/* End PBXBuildFile section */

/* Begin PBXFileReference section */
		4D24077520C4F15200031C22 /* Earthquake.app */ = {isa = PBXFileReference; explicitFileType = wrapper.application; includeInIndex = 0; path = Earthquake.app; sourceTree = BUILT_PRODUCTS_DIR; };
		4D24077820C4F15200031C22 /* AppDelegate.swift */ = {isa = PBXFileReference; lastKnownFileType = sourcecode.swift; path = AppDelegate.swift; sourceTree = "<group>"; };
		4D24077D20C4F15200031C22 /* Base */ = {isa = PBXFileReference; lastKnownFileType = file.storyboard; name = Base; path = Base.lproj/Main.storyboard; sourceTree = "<group>"; };
		4D24077F20C4F15200031C22 /* Assets.xcassets */ = {isa = PBXFileReference; lastKnownFileType = folder.assetcatalog; path = Assets.xcassets; sourceTree = "<group>"; };
		4D24078220C4F15200031C22 /* Base */ = {isa = PBXFileReference; lastKnownFileType = file.storyboard; name = Base; path = Base.lproj/LaunchScreen.storyboard; sourceTree = "<group>"; };
		4D24078420C4F15200031C22 /* Info.plist */ = {isa = PBXFileReference; lastKnownFileType = text.plist.xml; path = Info.plist; sourceTree = "<group>"; };
		4D24078D20C4F71B00031C22 /* MasterTableViewController.swift */ = {isa = PBXFileReference; lastKnownFileType = sourcecode.swift; path = MasterTableViewController.swift; sourceTree = "<group>"; };
		4D24078F20C4F73100031C22 /* EarthTableViewCell.swift */ = {isa = PBXFileReference; lastKnownFileType = sourcecode.swift; path = EarthTableViewCell.swift; sourceTree = "<group>"; };
		4D24079120C4F74700031C22 /* DataServices.swift */ = {isa = PBXFileReference; lastKnownFileType = sourcecode.swift; path = DataServices.swift; sourceTree = "<group>"; };
		4D24079320C4F75100031C22 /* Earth.swift */ = {isa = PBXFileReference; lastKnownFileType = sourcecode.swift; path = Earth.swift; sourceTree = "<group>"; };
		79F11F8520C62C0000733BC3 /* Extension+TimeInterval.swift */ = {isa = PBXFileReference; lastKnownFileType = sourcecode.swift; path = "Extension+TimeInterval.swift"; sourceTree = "<group>"; };
/* End PBXFileReference section */

/* Begin PBXFrameworksBuildPhase section */
		4D24077220C4F15200031C22 /* Frameworks */ = {
			isa = PBXFrameworksBuildPhase;
			buildActionMask = 2147483647;
			files = (
			);
			runOnlyForDeploymentPostprocessing = 0;
		};
/* End PBXFrameworksBuildPhase section */

/* Begin PBXGroup section */
		4D24076C20C4F15200031C22 = {
			isa = PBXGroup;
			children = (
				4D24077720C4F15200031C22 /* Earthquake */,
				4D24077620C4F15200031C22 /* Products */,
			);
			sourceTree = "<group>";
		};
		4D24077620C4F15200031C22 /* Products */ = {
			isa = PBXGroup;
			children = (
				4D24077520C4F15200031C22 /* Earthquake.app */,
			);
			name = Products;
			sourceTree = "<group>";
		};
		4D24077720C4F15200031C22 /* Earthquake */ = {
			isa = PBXGroup;
			children = (
				79F11F8720C62C1100733BC3 /* Utilities */,
				4D24078C20C4F6FD00031C22 /* Model */,
				4D24078B20C4F6F600031C22 /* Controller */,
				4D24078A20C4F6F100031C22 /* View */,
				4D24077820C4F15200031C22 /* AppDelegate.swift */,
				4D24077C20C4F15200031C22 /* Main.storyboard */,
				4D24077F20C4F15200031C22 /* Assets.xcassets */,
				4D24078120C4F15200031C22 /* LaunchScreen.storyboard */,
				4D24078420C4F15200031C22 /* Info.plist */,
			);
			path = Earthquake;
			sourceTree = "<group>";
		};
		4D24078A20C4F6F100031C22 /* View */ = {
			isa = PBXGroup;
			children = (
				4D24078F20C4F73100031C22 /* EarthTableViewCell.swift */,
			);
			path = View;
			sourceTree = "<group>";
		};
		4D24078B20C4F6F600031C22 /* Controller */ = {
			isa = PBXGroup;
			children = (
				4D24078D20C4F71B00031C22 /* MasterTableViewController.swift */,
			);
			path = Controller;
			sourceTree = "<group>";
		};
		4D24078C20C4F6FD00031C22 /* Model */ = {
			isa = PBXGroup;
			children = (
				4D24079120C4F74700031C22 /* DataServices.swift */,
				4D24079320C4F75100031C22 /* Earth.swift */,
			);
			path = Model;
			sourceTree = "<group>";
		};
		79F11F8720C62C1100733BC3 /* Utilities */ = {
			isa = PBXGroup;
			children = (
				79F11F8520C62C0000733BC3 /* Extension+TimeInterval.swift */,
			);
			path = Utilities;
			sourceTree = "<group>";
		};
/* End PBXGroup section */

/* Begin PBXNativeTarget section */
		4D24077420C4F15200031C22 /* Earthquake */ = {
			isa = PBXNativeTarget;
			buildConfigurationList = 4D24078720C4F15200031C22 /* Build configuration list for PBXNativeTarget "Earthquake" */;
			buildPhases = (
				4D24077120C4F15200031C22 /* Sources */,
				4D24077220C4F15200031C22 /* Frameworks */,
				4D24077320C4F15200031C22 /* Resources */,
			);
			buildRules = (
			);
			dependencies = (
			);
			name = Earthquake;
			productName = Earthquake;
			productReference = 4D24077520C4F15200031C22 /* Earthquake.app */;
			productType = "com.apple.product-type.application";
		};
/* End PBXNativeTarget section */

/* Begin PBXProject section */
		4D24076D20C4F15200031C22 /* Project object */ = {
			isa = PBXProject;
			attributes = {
				LastSwiftUpdateCheck = 0900;
				LastUpgradeCheck = 0900;
				ORGANIZATIONNAME = "Zindo Yamate";
				TargetAttributes = {
					4D24077420C4F15200031C22 = {
						CreatedOnToolsVersion = 9.0;
						ProvisioningStyle = Automatic;
					};
				};
			};
			buildConfigurationList = 4D24077020C4F15200031C22 /* Build configuration list for PBXProject "Earthquake" */;
			compatibilityVersion = "Xcode 8.0";
			developmentRegion = en;
			hasScannedForEncodings = 0;
			knownRegions = (
				en,
				Base,
			);
			mainGroup = 4D24076C20C4F15200031C22;
			productRefGroup = 4D24077620C4F15200031C22 /* Products */;
			projectDirPath = "";
			projectRoot = "";
			targets = (
				4D24077420C4F15200031C22 /* Earthquake */,
			);
		};
/* End PBXProject section */

/* Begin PBXResourcesBuildPhase section */
		4D24077320C4F15200031C22 /* Resources */ = {
			isa = PBXResourcesBuildPhase;
			buildActionMask = 2147483647;
			files = (
				4D24078320C4F15200031C22 /* LaunchScreen.storyboard in Resources */,
				4D24078020C4F15200031C22 /* Assets.xcassets in Resources */,
				4D24077E20C4F15200031C22 /* Main.storyboard in Resources */,
			);
			runOnlyForDeploymentPostprocessing = 0;
		};
/* End PBXResourcesBuildPhase section */

/* Begin PBXSourcesBuildPhase section */
		4D24077120C4F15200031C22 /* Sources */ = {
			isa = PBXSourcesBuildPhase;
			buildActionMask = 2147483647;
			files = (
				4D24079020C4F73100031C22 /* EarthTableViewCell.swift in Sources */,
				4D24077920C4F15200031C22 /* AppDelegate.swift in Sources */,
				4D24079420C4F75100031C22 /* Earth.swift in Sources */,
				79F11F8620C62C0000733BC3 /* Extension+TimeInterval.swift in Sources */,
				4D24078E20C4F71B00031C22 /* MasterTableViewController.swift in Sources */,
				4D24079220C4F74700031C22 /* DataServices.swift in Sources */,
			);
			runOnlyForDeploymentPostprocessing = 0;
		};
/* End PBXSourcesBuildPhase section */

/* Begin PBXVariantGroup section */
		4D24077C20C4F15200031C22 /* Main.storyboard */ = {
			isa = PBXVariantGroup;
			children = (
				4D24077D20C4F15200031C22 /* Base */,
			);
			name = Main.storyboard;
			sourceTree = "<group>";
		};
		4D24078120C4F15200031C22 /* LaunchScreen.storyboard */ = {
			isa = PBXVariantGroup;
			children = (
				4D24078220C4F15200031C22 /* Base */,
			);
			name = LaunchScreen.storyboard;
			sourceTree = "<group>";
		};
/* End PBXVariantGroup section */

/* Begin XCBuildConfiguration section */
		4D24078520C4F15200031C22 /* Debug */ = {
			isa = XCBuildConfiguration;
			buildSettings = {
				ALWAYS_SEARCH_USER_PATHS = NO;
				CLANG_ANALYZER_NONNULL = YES;
				CLANG_ANALYZER_NUMBER_OBJECT_CONVERSION = YES_AGGRESSIVE;
				CLANG_CXX_LANGUAGE_STANDARD = "gnu++14";
				CLANG_CXX_LIBRARY = "libc++";
				CLANG_ENABLE_MODULES = YES;
				CLANG_ENABLE_OBJC_ARC = YES;
				CLANG_WARN_BLOCK_CAPTURE_AUTORELEASING = YES;
				CLANG_WARN_BOOL_CONVERSION = YES;
				CLANG_WARN_COMMA = YES;
				CLANG_WARN_CONSTANT_CONVERSION = YES;
				CLANG_WARN_DIRECT_OBJC_ISA_USAGE = YES_ERROR;
				CLANG_WARN_DOCUMENTATION_COMMENTS = YES;
				CLANG_WARN_EMPTY_BODY = YES;
				CLANG_WARN_ENUM_CONVERSION = YES;
				CLANG_WARN_INFINITE_RECURSION = YES;
				CLANG_WARN_INT_CONVERSION = YES;
				CLANG_WARN_NON_LITERAL_NULL_CONVERSION = YES;
				CLANG_WARN_OBJC_LITERAL_CONVERSION = YES;
				CLANG_WARN_OBJC_ROOT_CLASS = YES_ERROR;
				CLANG_WARN_RANGE_LOOP_ANALYSIS = YES;
				CLANG_WARN_STRICT_PROTOTYPES = YES;
				CLANG_WARN_SUSPICIOUS_MOVE = YES;
				CLANG_WARN_UNGUARDED_AVAILABILITY = YES_AGGRESSIVE;
				CLANG_WARN_UNREACHABLE_CODE = YES;
				CLANG_WARN__DUPLICATE_METHOD_MATCH = YES;
				CODE_SIGN_IDENTITY = "iPhone Developer";
				COPY_PHASE_STRIP = NO;
				DEBUG_INFORMATION_FORMAT = dwarf;
				ENABLE_STRICT_OBJC_MSGSEND = YES;
				ENABLE_TESTABILITY = YES;
				GCC_C_LANGUAGE_STANDARD = gnu11;
				GCC_DYNAMIC_NO_PIC = NO;
				GCC_NO_COMMON_BLOCKS = YES;
				GCC_OPTIMIZATION_LEVEL = 0;
				GCC_PREPROCESSOR_DEFINITIONS = (
					"DEBUG=1",
					"$(inherited)",
				);
				GCC_WARN_64_TO_32_BIT_CONVERSION = YES;
				GCC_WARN_ABOUT_RETURN_TYPE = YES_ERROR;
				GCC_WARN_UNDECLARED_SELECTOR = YES;
				GCC_WARN_UNINITIALIZED_AUTOS = YES_AGGRESSIVE;
				GCC_WARN_UNUSED_FUNCTION = YES;
				GCC_WARN_UNUSED_VARIABLE = YES;
				IPHONEOS_DEPLOYMENT_TARGET = 11.0;
				MTL_ENABLE_DEBUG_INFO = YES;
				ONLY_ACTIVE_ARCH = YES;
				SDKROOT = iphoneos;
				SWIFT_ACTIVE_COMPILATION_CONDITIONS = DEBUG;
				SWIFT_OPTIMIZATION_LEVEL = "-Onone";
			};
			name = Debug;
		};
		4D24078620C4F15200031C22 /* Release */ = {
			isa = XCBuildConfiguration;
			buildSettings = {
				ALWAYS_SEARCH_USER_PATHS = NO;
				CLANG_ANALYZER_NONNULL = YES;
				CLANG_ANALYZER_NUMBER_OBJECT_CONVERSION = YES_AGGRESSIVE;
				CLANG_CXX_LANGUAGE_STANDARD = "gnu++14";
				CLANG_CXX_LIBRARY = "libc++";
				CLANG_ENABLE_MODULES = YES;
				CLANG_ENABLE_OBJC_ARC = YES;
				CLANG_WARN_BLOCK_CAPTURE_AUTORELEASING = YES;
				CLANG_WARN_BOOL_CONVERSION = YES;
				CLANG_WARN_COMMA = YES;
				CLANG_WARN_CONSTANT_CONVERSION = YES;
				CLANG_WARN_DIRECT_OBJC_ISA_USAGE = YES_ERROR;
				CLANG_WARN_DOCUMENTATION_COMMENTS = YES;
				CLANG_WARN_EMPTY_BODY = YES;
				CLANG_WARN_ENUM_CONVERSION = YES;
				CLANG_WARN_INFINITE_RECURSION = YES;
				CLANG_WARN_INT_CONVERSION = YES;
				CLANG_WARN_NON_LITERAL_NULL_CONVERSION = YES;
				CLANG_WARN_OBJC_LITERAL_CONVERSION = YES;
				CLANG_WARN_OBJC_ROOT_CLASS = YES_ERROR;
				CLANG_WARN_RANGE_LOOP_ANALYSIS = YES;
				CLANG_WARN_STRICT_PROTOTYPES = YES;
				CLANG_WARN_SUSPICIOUS_MOVE = YES;
				CLANG_WARN_UNGUARDED_AVAILABILITY = YES_AGGRESSIVE;
				CLANG_WARN_UNREACHABLE_CODE = YES;
				CLANG_WARN__DUPLICATE_METHOD_MATCH = YES;
				CODE_SIGN_IDENTITY = "iPhone Developer";
				COPY_PHASE_STRIP = NO;
				DEBUG_INFORMATION_FORMAT = "dwarf-with-dsym";
				ENABLE_NS_ASSERTIONS = NO;
				ENABLE_STRICT_OBJC_MSGSEND = YES;
				GCC_C_LANGUAGE_STANDARD = gnu11;
				GCC_NO_COMMON_BLOCKS = YES;
				GCC_WARN_64_TO_32_BIT_CONVERSION = YES;
				GCC_WARN_ABOUT_RETURN_TYPE = YES_ERROR;
				GCC_WARN_UNDECLARED_SELECTOR = YES;
				GCC_WARN_UNINITIALIZED_AUTOS = YES_AGGRESSIVE;
				GCC_WARN_UNUSED_FUNCTION = YES;
				GCC_WARN_UNUSED_VARIABLE = YES;
				IPHONEOS_DEPLOYMENT_TARGET = 11.0;
				MTL_ENABLE_DEBUG_INFO = NO;
				SDKROOT = iphoneos;
				SWIFT_OPTIMIZATION_LEVEL = "-Owholemodule";
				VALIDATE_PRODUCT = YES;
			};
			name = Release;
		};
		4D24078820C4F15200031C22 /* Debug */ = {
			isa = XCBuildConfiguration;
			buildSettings = {
				ASSETCATALOG_COMPILER_APPICON_NAME = AppIcon;
				CODE_SIGN_STYLE = Automatic;
				DEVELOPMENT_TEAM = XY8UWSG2LX;
				INFOPLIST_FILE = Earthquake/Info.plist;
				LD_RUNPATH_SEARCH_PATHS = "$(inherited) @executable_path/Frameworks";
				PRODUCT_BUNDLE_IDENTIFIER = com.cong.Earthquake;
				PRODUCT_NAME = "$(TARGET_NAME)";
				SWIFT_VERSION = 4.0;
				TARGETED_DEVICE_FAMILY = "1,2";
			};
			name = Debug;
		};
		4D24078920C4F15200031C22 /* Release */ = {
			isa = XCBuildConfiguration;
			buildSettings = {
				ASSETCATALOG_COMPILER_APPICON_NAME = AppIcon;
				CODE_SIGN_STYLE = Automatic;
				DEVELOPMENT_TEAM = XY8UWSG2LX;
				INFOPLIST_FILE = Earthquake/Info.plist;
				LD_RUNPATH_SEARCH_PATHS = "$(inherited) @executable_path/Frameworks";
				PRODUCT_BUNDLE_IDENTIFIER = com.cong.Earthquake;
				PRODUCT_NAME = "$(TARGET_NAME)";
				SWIFT_VERSION = 4.0;
				TARGETED_DEVICE_FAMILY = "1,2";
			};
			name = Release;
		};
/* End XCBuildConfiguration section */

/* Begin XCConfigurationList section */
		4D24077020C4F15200031C22 /* Build configuration list for PBXProject "Earthquake" */ = {
			isa = XCConfigurationList;
			buildConfigurations = (
				4D24078520C4F15200031C22 /* Debug */,
				4D24078620C4F15200031C22 /* Release */,
			);
			defaultConfigurationIsVisible = 0;
			defaultConfigurationName = Release;
		};
		4D24078720C4F15200031C22 /* Build configuration list for PBXNativeTarget "Earthquake" */ = {
			isa = XCConfigurationList;
			buildConfigurations = (
				4D24078820C4F15200031C22 /* Debug */,
				4D24078920C4F15200031C22 /* Release */,
			);
			defaultConfigurationIsVisible = 0;
			defaultConfigurationName = Release;
		};
/* End XCConfigurationList section */
	};
	rootObject = 4D24076D20C4F15200031C22 /* Project object */;
}
